
Microsoft Visual Studio Solution File, Format Version 12.00
# Visual Studio 15
VisualStudioVersion = 15.0.28010.2026
MinimumVisualStudioVersion = 10.0.40219.1
Project("{FAE04EC0-301F-11D3-BF4B-00C04F79EFBC}") = "Zajecia_1", "Zajecia_1\Zajecia_1.csproj", "{C8749D9D-2F29-4CD2-B0C5-4A98B9980FA9}"
EndProject
Global
	GlobalSection(SolutionConfigurationPlatforms) = preSolution
		Debug|Any CPU = Debug|Any CPU
		Release|Any CPU = Release|Any CPU
	EndGlobalSection
	GlobalSection(ProjectConfigurationPlatforms) = postSolution
		{C8749D9D-2F29-4CD2-B0C5-4A98B9980FA9}.Debug|Any CPU.ActiveCfg = Debug|Any CPU
		{C8749D9D-2F29-4CD2-B0C5-4A98B9980FA9}.Debug|Any CPU.Build.0 = Debug|Any CPU
		{C8749D9D-2F29-4CD2-B0C5-4A98B9980FA9}.Release|Any CPU.ActiveCfg = Release|Any CPU
		{C8749D9D-2F29-4CD2-B0C5-4A98B9980FA9}.Release|Any CPU.Build.0 = Release|Any CPU
	EndGlobalSection
	GlobalSection(SolutionProperties) = preSolution
		HideSolutionNode = FALSE
	EndGlobalSection
	GlobalSection(ExtensibilityGlobals) = postSolution
		SolutionGuid = {9BC980AE-BE3D-43A3-871E-04C2E1CFEE28}
	EndGlobalSection
EndGlobal
