
Microsoft Visual Studio Solution File, Format Version 12.00
# Visual Studio Version 16
VisualStudioVersion = 16.0.29403.142
MinimumVisualStudioVersion = 10.0.40219.1
Project("{FAE04EC0-301F-11D3-BF4B-00C04F79EFBC}") = "funkcje4", "funkcje4\funkcje4.csproj", "{3F5C5B54-DFFC-4E27-861B-5321D253ABC5}"
EndProject
Global
	GlobalSection(SolutionConfigurationPlatforms) = preSolution
		Debug|Any CPU = Debug|Any CPU
		Release|Any CPU = Release|Any CPU
	EndGlobalSection
	GlobalSection(ProjectConfigurationPlatforms) = postSolution
		{3F5C5B54-DFFC-4E27-861B-5321D253ABC5}.Debug|Any CPU.ActiveCfg = Debug|Any CPU
		{3F5C5B54-DFFC-4E27-861B-5321D253ABC5}.Debug|Any CPU.Build.0 = Debug|Any CPU
		{3F5C5B54-DFFC-4E27-861B-5321D253ABC5}.Release|Any CPU.ActiveCfg = Release|Any CPU
		{3F5C5B54-DFFC-4E27-861B-5321D253ABC5}.Release|Any CPU.Build.0 = Release|Any CPU
	EndGlobalSection
	GlobalSection(SolutionProperties) = preSolution
		HideSolutionNode = FALSE
	EndGlobalSection
	GlobalSection(ExtensibilityGlobals) = postSolution
		SolutionGuid = {FC059600-E6C3-49FE-9CC6-008FAD440AE6}
	EndGlobalSection
EndGlobal
