
Microsoft Visual Studio Solution File, Format Version 12.00
# Visual Studio Version 16
VisualStudioVersion = 16.0.29403.142
MinimumVisualStudioVersion = 10.0.40219.1
Project("{FAE04EC0-301F-11D3-BF4B-00C04F79EFBC}") = "Tablice_zajecia_4", "Tablice_zajecia_4\Tablice_zajecia_4.csproj", "{D03102BE-E7E9-4A3C-9463-CCF33F2AF97D}"
EndProject
Global
	GlobalSection(SolutionConfigurationPlatforms) = preSolution
		Debug|Any CPU = Debug|Any CPU
		Release|Any CPU = Release|Any CPU
	EndGlobalSection
	GlobalSection(ProjectConfigurationPlatforms) = postSolution
		{D03102BE-E7E9-4A3C-9463-CCF33F2AF97D}.Debug|Any CPU.ActiveCfg = Debug|Any CPU
		{D03102BE-E7E9-4A3C-9463-CCF33F2AF97D}.Debug|Any CPU.Build.0 = Debug|Any CPU
		{D03102BE-E7E9-4A3C-9463-CCF33F2AF97D}.Release|Any CPU.ActiveCfg = Release|Any CPU
		{D03102BE-E7E9-4A3C-9463-CCF33F2AF97D}.Release|Any CPU.Build.0 = Release|Any CPU
	EndGlobalSection
	GlobalSection(SolutionProperties) = preSolution
		HideSolutionNode = FALSE
	EndGlobalSection
	GlobalSection(ExtensibilityGlobals) = postSolution
		SolutionGuid = {6FA75048-6499-4CDC-BB8E-57E14BD01A07}
	EndGlobalSection
EndGlobal
