
Microsoft Visual Studio Solution File, Format Version 12.00
# Visual Studio Version 16
VisualStudioVersion = 16.0.29403.142
MinimumVisualStudioVersion = 10.0.40219.1
Project("{FAE04EC0-301F-11D3-BF4B-00C04F79EFBC}") = "pliki", "pliki\pliki.csproj", "{31C46B1D-459E-4615-985B-BFC030827599}"
EndProject
Global
	GlobalSection(SolutionConfigurationPlatforms) = preSolution
		Debug|Any CPU = Debug|Any CPU
		Release|Any CPU = Release|Any CPU
	EndGlobalSection
	GlobalSection(ProjectConfigurationPlatforms) = postSolution
		{31C46B1D-459E-4615-985B-BFC030827599}.Debug|Any CPU.ActiveCfg = Debug|Any CPU
		{31C46B1D-459E-4615-985B-BFC030827599}.Debug|Any CPU.Build.0 = Debug|Any CPU
		{31C46B1D-459E-4615-985B-BFC030827599}.Release|Any CPU.ActiveCfg = Release|Any CPU
		{31C46B1D-459E-4615-985B-BFC030827599}.Release|Any CPU.Build.0 = Release|Any CPU
	EndGlobalSection
	GlobalSection(SolutionProperties) = preSolution
		HideSolutionNode = FALSE
	EndGlobalSection
	GlobalSection(ExtensibilityGlobals) = postSolution
		SolutionGuid = {02C20668-7630-4225-A2F4-2909B2807F15}
	EndGlobalSection
EndGlobal
