
Microsoft Visual Studio Solution File, Format Version 12.00
# Visual Studio Version 16
VisualStudioVersion = 16.0.29403.142
MinimumVisualStudioVersion = 10.0.40219.1
Project("{FAE04EC0-301F-11D3-BF4B-00C04F79EFBC}") = "struktury_1", "struktury_1\struktury_1.csproj", "{8350A06E-F2AC-4790-8343-CAA620B2058E}"
EndProject
Global
	GlobalSection(SolutionConfigurationPlatforms) = preSolution
		Debug|Any CPU = Debug|Any CPU
		Release|Any CPU = Release|Any CPU
	EndGlobalSection
	GlobalSection(ProjectConfigurationPlatforms) = postSolution
		{8350A06E-F2AC-4790-8343-CAA620B2058E}.Debug|Any CPU.ActiveCfg = Debug|Any CPU
		{8350A06E-F2AC-4790-8343-CAA620B2058E}.Debug|Any CPU.Build.0 = Debug|Any CPU
		{8350A06E-F2AC-4790-8343-CAA620B2058E}.Release|Any CPU.ActiveCfg = Release|Any CPU
		{8350A06E-F2AC-4790-8343-CAA620B2058E}.Release|Any CPU.Build.0 = Release|Any CPU
	EndGlobalSection
	GlobalSection(SolutionProperties) = preSolution
		HideSolutionNode = FALSE
	EndGlobalSection
	GlobalSection(ExtensibilityGlobals) = postSolution
		SolutionGuid = {94ADD3D6-03BE-49E7-831A-7CC78752E27A}
	EndGlobalSection
EndGlobal
