
Microsoft Visual Studio Solution File, Format Version 12.00
# Visual Studio Version 16
VisualStudioVersion = 16.0.29403.142
MinimumVisualStudioVersion = 10.0.40219.1
Project("{FAE04EC0-301F-11D3-BF4B-00C04F79EFBC}") = "Wskazniki_1", "Wskazniki_1\Wskazniki_1.csproj", "{A3CE8722-2FBE-46AB-89B5-B3A75CB3465D}"
EndProject
Global
	GlobalSection(SolutionConfigurationPlatforms) = preSolution
		Debug|Any CPU = Debug|Any CPU
		Release|Any CPU = Release|Any CPU
	EndGlobalSection
	GlobalSection(ProjectConfigurationPlatforms) = postSolution
		{A3CE8722-2FBE-46AB-89B5-B3A75CB3465D}.Debug|Any CPU.ActiveCfg = Debug|Any CPU
		{A3CE8722-2FBE-46AB-89B5-B3A75CB3465D}.Debug|Any CPU.Build.0 = Debug|Any CPU
		{A3CE8722-2FBE-46AB-89B5-B3A75CB3465D}.Release|Any CPU.ActiveCfg = Release|Any CPU
		{A3CE8722-2FBE-46AB-89B5-B3A75CB3465D}.Release|Any CPU.Build.0 = Release|Any CPU
	EndGlobalSection
	GlobalSection(SolutionProperties) = preSolution
		HideSolutionNode = FALSE
	EndGlobalSection
	GlobalSection(ExtensibilityGlobals) = postSolution
		SolutionGuid = {F057A3ED-AC21-4635-A517-961AC7B84FC9}
	EndGlobalSection
EndGlobal
