
Microsoft Visual Studio Solution File, Format Version 12.00
# Visual Studio Version 16
VisualStudioVersion = 16.0.29403.142
MinimumVisualStudioVersion = 10.0.40219.1
Project("{FAE04EC0-301F-11D3-BF4B-00C04F79EFBC}") = "Projekt0", "Projekt0\Projekt0.csproj", "{4265544F-50E1-4C50-ADEA-9B6E57408B99}"
EndProject
Global
	GlobalSection(SolutionConfigurationPlatforms) = preSolution
		Debug|Any CPU = Debug|Any CPU
		Release|Any CPU = Release|Any CPU
	EndGlobalSection
	GlobalSection(ProjectConfigurationPlatforms) = postSolution
		{4265544F-50E1-4C50-ADEA-9B6E57408B99}.Debug|Any CPU.ActiveCfg = Debug|Any CPU
		{4265544F-50E1-4C50-ADEA-9B6E57408B99}.Debug|Any CPU.Build.0 = Debug|Any CPU
		{4265544F-50E1-4C50-ADEA-9B6E57408B99}.Release|Any CPU.ActiveCfg = Release|Any CPU
		{4265544F-50E1-4C50-ADEA-9B6E57408B99}.Release|Any CPU.Build.0 = Release|Any CPU
	EndGlobalSection
	GlobalSection(SolutionProperties) = preSolution
		HideSolutionNode = FALSE
	EndGlobalSection
	GlobalSection(ExtensibilityGlobals) = postSolution
		SolutionGuid = {6E1588F2-A27A-4654-81EB-A8B574F28FD7}
	EndGlobalSection
EndGlobal
