
Microsoft Visual Studio Solution File, Format Version 12.00
# Visual Studio Version 16
VisualStudioVersion = 16.0.29403.142
MinimumVisualStudioVersion = 10.0.40219.1
Project("{FAE04EC0-301F-11D3-BF4B-00C04F79EFBC}") = "Projekt1", "Projekt1\Projekt1.csproj", "{0DEE4D52-54A8-4584-9794-1B5E8081F138}"
EndProject
Global
	GlobalSection(SolutionConfigurationPlatforms) = preSolution
		Debug|Any CPU = Debug|Any CPU
		Release|Any CPU = Release|Any CPU
	EndGlobalSection
	GlobalSection(ProjectConfigurationPlatforms) = postSolution
		{0DEE4D52-54A8-4584-9794-1B5E8081F138}.Debug|Any CPU.ActiveCfg = Debug|Any CPU
		{0DEE4D52-54A8-4584-9794-1B5E8081F138}.Debug|Any CPU.Build.0 = Debug|Any CPU
		{0DEE4D52-54A8-4584-9794-1B5E8081F138}.Release|Any CPU.ActiveCfg = Release|Any CPU
		{0DEE4D52-54A8-4584-9794-1B5E8081F138}.Release|Any CPU.Build.0 = Release|Any CPU
	EndGlobalSection
	GlobalSection(SolutionProperties) = preSolution
		HideSolutionNode = FALSE
	EndGlobalSection
	GlobalSection(ExtensibilityGlobals) = postSolution
		SolutionGuid = {5472F8B9-D268-4F18-B5A5-57E010E2A04D}
	EndGlobalSection
EndGlobal
